// !$*UTF8*$!
{
	archiveVersion = 1;
	classes = {
	};
	objectVersion = 55;
	objects = {

/* Begin PBXBuildFile section */
		4884B3E427CE8C3A00CB2C8D /* shuffling-cards-5.mp3 in Resources */ = {isa = PBXBuildFile; fileRef = 4884B3E327CE8C3A00CB2C8D /* shuffling-cards-5.mp3 */; };
		48B3A5B027CE766E00E27BC0 /* AppDelegate.swift in Sources */ = {isa = PBXBuildFile; fileRef = 48B3A5AF27CE766E00E27BC0 /* AppDelegate.swift */; };
		48B3A5B227CE766E00E27BC0 /* SceneDelegate.swift in Sources */ = {isa = PBXBuildFile; fileRef = 48B3A5B127CE766E00E27BC0 /* SceneDelegate.swift */; };
		48B3A5B427CE766E00E27BC0 /* ViewController.swift in Sources */ = {isa = PBXBuildFile; fileRef = 48B3A5B327CE766E00E27BC0 /* ViewController.swift */; };
		48B3A5B727CE766E00E27BC0 /* Main.storyboard in Resources */ = {isa = PBXBuildFile; fileRef = 48B3A5B527CE766E00E27BC0 /* Main.storyboard */; };
		48B3A5B927CE766F00E27BC0 /* Assets.xcassets in Resources */ = {isa = PBXBuildFile; fileRef = 48B3A5B827CE766F00E27BC0 /* Assets.xcassets */; };
		48B3A5BC27CE766F00E27BC0 /* LaunchScreen.storyboard in Resources */ = {isa = PBXBuildFile; fileRef = 48B3A5BA27CE766F00E27BC0 /* LaunchScreen.storyboard */; };
		48B3A5C727CE766F00E27BC0 /* Ind02_Govardhan_DigumurthiTests.swift in Sources */ = {isa = PBXBuildFile; fileRef = 48B3A5C627CE766F00E27BC0 /* Ind02_Govardhan_DigumurthiTests.swift */; };
		48B3A5D127CE766F00E27BC0 /* Ind02_Govardhan_DigumurthiUITests.swift in Sources */ = {isa = PBXBuildFile; fileRef = 48B3A5D027CE766F00E27BC0 /* Ind02_Govardhan_DigumurthiUITests.swift */; };
		48B3A5D327CE766F00E27BC0 /* Ind02_Govardhan_DigumurthiUITestsLaunchTests.swift in Sources */ = {isa = PBXBuildFile; fileRef = 48B3A5D227CE766F00E27BC0 /* Ind02_Govardhan_DigumurthiUITestsLaunchTests.swift */; };
/* End PBXBuildFile section */

/* Begin PBXContainerItemProxy section */
		48B3A5C327CE766F00E27BC0 /* PBXContainerItemProxy */ = {
			isa = PBXContainerItemProxy;
			containerPortal = 48B3A5A427CE766E00E27BC0 /* Project object */;
			proxyType = 1;
			remoteGlobalIDString = 48B3A5AB27CE766E00E27BC0;
			remoteInfo = Ind02_Govardhan_Digumurthi;
		};
		48B3A5CD27CE766F00E27BC0 /* PBXContainerItemProxy */ = {
			isa = PBXContainerItemProxy;
			containerPortal = 48B3A5A427CE766E00E27BC0 /* Project object */;
			proxyType = 1;
			remoteGlobalIDString = 48B3A5AB27CE766E00E27BC0;
			remoteInfo = Ind02_Govardhan_Digumurthi;
		};
/* End PBXContainerItemProxy section */

/* Begin PBXFileReference section */
		4884B3E327CE8C3A00CB2C8D /* shuffling-cards-5.mp3 */ = {isa = PBXFileReference; lastKnownFileType = audio.mp3; path = "shuffling-cards-5.mp3"; sourceTree = "<group>"; };
		48B3A5AC27CE766E00E27BC0 /* Ind02_Govardhan_Digumurthi.app */ = {isa = PBXFileReference; explicitFileType = wrapper.application; includeInIndex = 0; path = Ind02_Govardhan_Digumurthi.app; sourceTree = BUILT_PRODUCTS_DIR; };
		48B3A5AF27CE766E00E27BC0 /* AppDelegate.swift */ = {isa = PBXFileReference; lastKnownFileType = sourcecode.swift; path = AppDelegate.swift; sourceTree = "<group>"; };
		48B3A5B127CE766E00E27BC0 /* SceneDelegate.swift */ = {isa = PBXFileReference; lastKnownFileType = sourcecode.swift; path = SceneDelegate.swift; sourceTree = "<group>"; };
		48B3A5B327CE766E00E27BC0 /* ViewController.swift */ = {isa = PBXFileReference; lastKnownFileType = sourcecode.swift; path = ViewController.swift; sourceTree = "<group>"; };
		48B3A5B627CE766E00E27BC0 /* Base */ = {isa = PBXFileReference; lastKnownFileType = file.storyboard; name = Base; path = Base.lproj/Main.storyboard; sourceTree = "<group>"; };
		48B3A5B827CE766F00E27BC0 /* Assets.xcassets */ = {isa = PBXFileReference; lastKnownFileType = folder.assetcatalog; path = Assets.xcassets; sourceTree = "<group>"; };
		48B3A5BB27CE766F00E27BC0 /* Base */ = {isa = PBXFileReference; lastKnownFileType = file.storyboard; name = Base; path = Base.lproj/LaunchScreen.storyboard; sourceTree = "<group>"; };
		48B3A5BD27CE766F00E27BC0 /* Info.plist */ = {isa = PBXFileReference; lastKnownFileType = text.plist.xml; path = Info.plist; sourceTree = "<group>"; };
		48B3A5C227CE766F00E27BC0 /* Ind02_Govardhan_DigumurthiTests.xctest */ = {isa = PBXFileReference; explicitFileType = wrapper.cfbundle; includeInIndex = 0; path = Ind02_Govardhan_DigumurthiTests.xctest; sourceTree = BUILT_PRODUCTS_DIR; };
		48B3A5C627CE766F00E27BC0 /* Ind02_Govardhan_DigumurthiTests.swift */ = {isa = PBXFileReference; lastKnownFileType = sourcecode.swift; path = Ind02_Govardhan_DigumurthiTests.swift; sourceTree = "<group>"; };
		48B3A5CC27CE766F00E27BC0 /* Ind02_Govardhan_DigumurthiUITests.xctest */ = {isa = PBXFileReference; explicitFileType = wrapper.cfbundle; includeInIndex = 0; path = Ind02_Govardhan_DigumurthiUITests.xctest; sourceTree = BUILT_PRODUCTS_DIR; };
		48B3A5D027CE766F00E27BC0 /* Ind02_Govardhan_DigumurthiUITests.swift */ = {isa = PBXFileReference; lastKnownFileType = sourcecode.swift; path = Ind02_Govardhan_DigumurthiUITests.swift; sourceTree = "<group>"; };
		48B3A5D227CE766F00E27BC0 /* Ind02_Govardhan_DigumurthiUITestsLaunchTests.swift */ = {isa = PBXFileReference; lastKnownFileType = sourcecode.swift; path = Ind02_Govardhan_DigumurthiUITestsLaunchTests.swift; sourceTree = "<group>"; };
/* End PBXFileReference section */

/* Begin PBXFrameworksBuildPhase section */
		48B3A5A927CE766E00E27BC0 /* Frameworks */ = {
			isa = PBXFrameworksBuildPhase;
			buildActionMask = 2147483647;
			files = (
			);
			runOnlyForDeploymentPostprocessing = 0;
		};
		48B3A5BF27CE766F00E27BC0 /* Frameworks */ = {
			isa = PBXFrameworksBuildPhase;
			buildActionMask = 2147483647;
			files = (
			);
			runOnlyForDeploymentPostprocessing = 0;
		};
		48B3A5C927CE766F00E27BC0 /* Frameworks */ = {
			isa = PBXFrameworksBuildPhase;
			buildActionMask = 2147483647;
			files = (
			);
			runOnlyForDeploymentPostprocessing = 0;
		};
/* End PBXFrameworksBuildPhase section */

/* Begin PBXGroup section */
		4884B3E227CE8C0A00CB2C8D /* audio */ = {
			isa = PBXGroup;
			children = (
				4884B3E327CE8C3A00CB2C8D /* shuffling-cards-5.mp3 */,
			);
			path = audio;
			sourceTree = "<group>";
		};
		48B3A5A327CE766E00E27BC0 = {
			isa = PBXGroup;
			children = (
				48B3A5AE27CE766E00E27BC0 /* Ind02_Govardhan_Digumurthi */,
				48B3A5C527CE766F00E27BC0 /* Ind02_Govardhan_DigumurthiTests */,
				48B3A5CF27CE766F00E27BC0 /* Ind02_Govardhan_DigumurthiUITests */,
				48B3A5AD27CE766E00E27BC0 /* Products */,
			);
			sourceTree = "<group>";
		};
		48B3A5AD27CE766E00E27BC0 /* Products */ = {
			isa = PBXGroup;
			children = (
				48B3A5AC27CE766E00E27BC0 /* Ind02_Govardhan_Digumurthi.app */,
				48B3A5C227CE766F00E27BC0 /* Ind02_Govardhan_DigumurthiTests.xctest */,
				48B3A5CC27CE766F00E27BC0 /* Ind02_Govardhan_DigumurthiUITests.xctest */,
			);
			name = Products;
			sourceTree = "<group>";
		};
		48B3A5AE27CE766E00E27BC0 /* Ind02_Govardhan_Digumurthi */ = {
			isa = PBXGroup;
			children = (
				4884B3E227CE8C0A00CB2C8D /* audio */,
				48B3A5AF27CE766E00E27BC0 /* AppDelegate.swift */,
				48B3A5B127CE766E00E27BC0 /* SceneDelegate.swift */,
				48B3A5B327CE766E00E27BC0 /* ViewController.swift */,
				48B3A5B527CE766E00E27BC0 /* Main.storyboard */,
				48B3A5B827CE766F00E27BC0 /* Assets.xcassets */,
				48B3A5BA27CE766F00E27BC0 /* LaunchScreen.storyboard */,
				48B3A5BD27CE766F00E27BC0 /* Info.plist */,
			);
			path = Ind02_Govardhan_Digumurthi;
			sourceTree = "<group>";
		};
		48B3A5C527CE766F00E27BC0 /* Ind02_Govardhan_DigumurthiTests */ = {
			isa = PBXGroup;
			children = (
				48B3A5C627CE766F00E27BC0 /* Ind02_Govardhan_DigumurthiTests.swift */,
			);
			path = Ind02_Govardhan_DigumurthiTests;
			sourceTree = "<group>";
		};
		48B3A5CF27CE766F00E27BC0 /* Ind02_Govardhan_DigumurthiUITests */ = {
			isa = PBXGroup;
			children = (
				48B3A5D027CE766F00E27BC0 /* Ind02_Govardhan_DigumurthiUITests.swift */,
				48B3A5D227CE766F00E27BC0 /* Ind02_Govardhan_DigumurthiUITestsLaunchTests.swift */,
			);
			path = Ind02_Govardhan_DigumurthiUITests;
			sourceTree = "<group>";
		};
/* End PBXGroup section */

/* Begin PBXNativeTarget section */
		48B3A5AB27CE766E00E27BC0 /* Ind02_Govardhan_Digumurthi */ = {
			isa = PBXNativeTarget;
			buildConfigurationList = 48B3A5D627CE766F00E27BC0 /* Build configuration list for PBXNativeTarget "Ind02_Govardhan_Digumurthi" */;
			buildPhases = (
				48B3A5A827CE766E00E27BC0 /* Sources */,
				48B3A5A927CE766E00E27BC0 /* Frameworks */,
				48B3A5AA27CE766E00E27BC0 /* Resources */,
			);
			buildRules = (
			);
			dependencies = (
			);
			name = Ind02_Govardhan_Digumurthi;
			productName = Ind02_Govardhan_Digumurthi;
			productReference = 48B3A5AC27CE766E00E27BC0 /* Ind02_Govardhan_Digumurthi.app */;
			productType = "com.apple.product-type.application";
		};
		48B3A5C127CE766F00E27BC0 /* Ind02_Govardhan_DigumurthiTests */ = {
			isa = PBXNativeTarget;
			buildConfigurationList = 48B3A5D927CE766F00E27BC0 /* Build configuration list for PBXNativeTarget "Ind02_Govardhan_DigumurthiTests" */;
			buildPhases = (
				48B3A5BE27CE766F00E27BC0 /* Sources */,
				48B3A5BF27CE766F00E27BC0 /* Frameworks */,
				48B3A5C027CE766F00E27BC0 /* Resources */,
			);
			buildRules = (
			);
			dependencies = (
				48B3A5C427CE766F00E27BC0 /* PBXTargetDependency */,
			);
			name = Ind02_Govardhan_DigumurthiTests;
			productName = Ind02_Govardhan_DigumurthiTests;
			productReference = 48B3A5C227CE766F00E27BC0 /* Ind02_Govardhan_DigumurthiTests.xctest */;
			productType = "com.apple.product-type.bundle.unit-test";
		};
		48B3A5CB27CE766F00E27BC0 /* Ind02_Govardhan_DigumurthiUITests */ = {
			isa = PBXNativeTarget;
			buildConfigurationList = 48B3A5DC27CE766F00E27BC0 /* Build configuration list for PBXNativeTarget "Ind02_Govardhan_DigumurthiUITests" */;
			buildPhases = (
				48B3A5C827CE766F00E27BC0 /* Sources */,
				48B3A5C927CE766F00E27BC0 /* Frameworks */,
				48B3A5CA27CE766F00E27BC0 /* Resources */,
			);
			buildRules = (
			);
			dependencies = (
				48B3A5CE27CE766F00E27BC0 /* PBXTargetDependency */,
			);
			name = Ind02_Govardhan_DigumurthiUITests;
			productName = Ind02_Govardhan_DigumurthiUITests;
			productReference = 48B3A5CC27CE766F00E27BC0 /* Ind02_Govardhan_DigumurthiUITests.xctest */;
			productType = "com.apple.product-type.bundle.ui-testing";
		};
/* End PBXNativeTarget section */

/* Begin PBXProject section */
		48B3A5A427CE766E00E27BC0 /* Project object */ = {
			isa = PBXProject;
			attributes = {
				BuildIndependentTargetsInParallel = 1;
				LastSwiftUpdateCheck = 1320;
				LastUpgradeCheck = 1320;
				TargetAttributes = {
					48B3A5AB27CE766E00E27BC0 = {
						CreatedOnToolsVersion = 13.2.1;
					};
					48B3A5C127CE766F00E27BC0 = {
						CreatedOnToolsVersion = 13.2.1;
						TestTargetID = 48B3A5AB27CE766E00E27BC0;
					};
					48B3A5CB27CE766F00E27BC0 = {
						CreatedOnToolsVersion = 13.2.1;
						TestTargetID = 48B3A5AB27CE766E00E27BC0;
					};
				};
			};
			buildConfigurationList = 48B3A5A727CE766E00E27BC0 /* Build configuration list for PBXProject "Ind02_Govardhan_Digumurthi" */;
			compatibilityVersion = "Xcode 13.0";
			developmentRegion = en;
			hasScannedForEncodings = 0;
			knownRegions = (
				en,
				Base,
			);
			mainGroup = 48B3A5A327CE766E00E27BC0;
			productRefGroup = 48B3A5AD27CE766E00E27BC0 /* Products */;
			projectDirPath = "";
			projectRoot = "";
			targets = (
				48B3A5AB27CE766E00E27BC0 /* Ind02_Govardhan_Digumurthi */,
				48B3A5C127CE766F00E27BC0 /* Ind02_Govardhan_DigumurthiTests */,
				48B3A5CB27CE766F00E27BC0 /* Ind02_Govardhan_DigumurthiUITests */,
			);
		};
/* End PBXProject section */

/* Begin PBXResourcesBuildPhase section */
		48B3A5AA27CE766E00E27BC0 /* Resources */ = {
			isa = PBXResourcesBuildPhase;
			buildActionMask = 2147483647;
			files = (
				48B3A5BC27CE766F00E27BC0 /* LaunchScreen.storyboard in Resources */,
				4884B3E427CE8C3A00CB2C8D /* shuffling-cards-5.mp3 in Resources */,
				48B3A5B927CE766F00E27BC0 /* Assets.xcassets in Resources */,
				48B3A5B727CE766E00E27BC0 /* Main.storyboard in Resources */,
			);
			runOnlyForDeploymentPostprocessing = 0;
		};
		48B3A5C027CE766F00E27BC0 /* Resources */ = {
			isa = PBXResourcesBuildPhase;
			buildActionMask = 2147483647;
			files = (
			);
			runOnlyForDeploymentPostprocessing = 0;
		};
		48B3A5CA27CE766F00E27BC0 /* Resources */ = {
			isa = PBXResourcesBuildPhase;
			buildActionMask = 2147483647;
			files = (
			);
			runOnlyForDeploymentPostprocessing = 0;
		};
/* End PBXResourcesBuildPhase section */

/* Begin PBXSourcesBuildPhase section */
		48B3A5A827CE766E00E27BC0 /* Sources */ = {
			isa = PBXSourcesBuildPhase;
			buildActionMask = 2147483647;
			files = (
				48B3A5B427CE766E00E27BC0 /* ViewController.swift in Sources */,
				48B3A5B027CE766E00E27BC0 /* AppDelegate.swift in Sources */,
				48B3A5B227CE766E00E27BC0 /* SceneDelegate.swift in Sources */,
			);
			runOnlyForDeploymentPostprocessing = 0;
		};
		48B3A5BE27CE766F00E27BC0 /* Sources */ = {
			isa = PBXSourcesBuildPhase;
			buildActionMask = 2147483647;
			files = (
				48B3A5C727CE766F00E27BC0 /* Ind02_Govardhan_DigumurthiTests.swift in Sources */,
			);
			runOnlyForDeploymentPostprocessing = 0;
		};
		48B3A5C827CE766F00E27BC0 /* Sources */ = {
			isa = PBXSourcesBuildPhase;
			buildActionMask = 2147483647;
			files = (
				48B3A5D127CE766F00E27BC0 /* Ind02_Govardhan_DigumurthiUITests.swift in Sources */,
				48B3A5D327CE766F00E27BC0 /* Ind02_Govardhan_DigumurthiUITestsLaunchTests.swift in Sources */,
			);
			runOnlyForDeploymentPostprocessing = 0;
		};
/* End PBXSourcesBuildPhase section */

/* Begin PBXTargetDependency section */
		48B3A5C427CE766F00E27BC0 /* PBXTargetDependency */ = {
			isa = PBXTargetDependency;
			target = 48B3A5AB27CE766E00E27BC0 /* Ind02_Govardhan_Digumurthi */;
			targetProxy = 48B3A5C327CE766F00E27BC0 /* PBXContainerItemProxy */;
		};
		48B3A5CE27CE766F00E27BC0 /* PBXTargetDependency */ = {
			isa = PBXTargetDependency;
			target = 48B3A5AB27CE766E00E27BC0 /* Ind02_Govardhan_Digumurthi */;
			targetProxy = 48B3A5CD27CE766F00E27BC0 /* PBXContainerItemProxy */;
		};
/* End PBXTargetDependency section */

/* Begin PBXVariantGroup section */
		48B3A5B527CE766E00E27BC0 /* Main.storyboard */ = {
			isa = PBXVariantGroup;
			children = (
				48B3A5B627CE766E00E27BC0 /* Base */,
			);
			name = Main.storyboard;
			sourceTree = "<group>";
		};
		48B3A5BA27CE766F00E27BC0 /* LaunchScreen.storyboard */ = {
			isa = PBXVariantGroup;
			children = (
				48B3A5BB27CE766F00E27BC0 /* Base */,
			);
			name = LaunchScreen.storyboard;
			sourceTree = "<group>";
		};
/* End PBXVariantGroup section */

/* Begin XCBuildConfiguration section */
		48B3A5D427CE766F00E27BC0 /* Debug */ = {
			isa = XCBuildConfiguration;
			buildSettings = {
				ALWAYS_SEARCH_USER_PATHS = NO;
				CLANG_ANALYZER_NONNULL = YES;
				CLANG_ANALYZER_NUMBER_OBJECT_CONVERSION = YES_AGGRESSIVE;
				CLANG_CXX_LANGUAGE_STANDARD = "gnu++17";
				CLANG_CXX_LIBRARY = "libc++";
				CLANG_ENABLE_MODULES = YES;
				CLANG_ENABLE_OBJC_ARC = YES;
				CLANG_ENABLE_OBJC_WEAK = YES;
				CLANG_WARN_BLOCK_CAPTURE_AUTORELEASING = YES;
				CLANG_WARN_BOOL_CONVERSION = YES;
				CLANG_WARN_COMMA = YES;
				CLANG_WARN_CONSTANT_CONVERSION = YES;
				CLANG_WARN_DEPRECATED_OBJC_IMPLEMENTATIONS = YES;
				CLANG_WARN_DIRECT_OBJC_ISA_USAGE = YES_ERROR;
				CLANG_WARN_DOCUMENTATION_COMMENTS = YES;
				CLANG_WARN_EMPTY_BODY = YES;
				CLANG_WARN_ENUM_CONVERSION = YES;
				CLANG_WARN_INFINITE_RECURSION = YES;
				CLANG_WARN_INT_CONVERSION = YES;
				CLANG_WARN_NON_LITERAL_NULL_CONVERSION = YES;
				CLANG_WARN_OBJC_IMPLICIT_RETAIN_SELF = YES;
				CLANG_WARN_OBJC_LITERAL_CONVERSION = YES;
				CLANG_WARN_OBJC_ROOT_CLASS = YES_ERROR;
				CLANG_WARN_QUOTED_INCLUDE_IN_FRAMEWORK_HEADER = YES;
				CLANG_WARN_RANGE_LOOP_ANALYSIS = YES;
				CLANG_WARN_STRICT_PROTOTYPES = YES;
				CLANG_WARN_SUSPICIOUS_MOVE = YES;
				CLANG_WARN_UNGUARDED_AVAILABILITY = YES_AGGRESSIVE;
				CLANG_WARN_UNREACHABLE_CODE = YES;
				CLANG_WARN__DUPLICATE_METHOD_MATCH = YES;
				COPY_PHASE_STRIP = NO;
				DEBUG_INFORMATION_FORMAT = dwarf;
				ENABLE_STRICT_OBJC_MSGSEND = YES;
				ENABLE_TESTABILITY = YES;
				GCC_C_LANGUAGE_STANDARD = gnu11;
				GCC_DYNAMIC_NO_PIC = NO;
				GCC_NO_COMMON_BLOCKS = YES;
				GCC_OPTIMIZATION_LEVEL = 0;
				GCC_PREPROCESSOR_DEFINITIONS = (
					"DEBUG=1",
					"$(inherited)",
				);
				GCC_WARN_64_TO_32_BIT_CONVERSION = YES;
				GCC_WARN_ABOUT_RETURN_TYPE = YES_ERROR;
				GCC_WARN_UNDECLARED_SELECTOR = YES;
				GCC_WARN_UNINITIALIZED_AUTOS = YES_AGGRESSIVE;
				GCC_WARN_UNUSED_FUNCTION = YES;
				GCC_WARN_UNUSED_VARIABLE = YES;
				IPHONEOS_DEPLOYMENT_TARGET = 15.2;
				MTL_ENABLE_DEBUG_INFO = INCLUDE_SOURCE;
				MTL_FAST_MATH = YES;
				ONLY_ACTIVE_ARCH = YES;
				SDKROOT = iphoneos;
				SWIFT_ACTIVE_COMPILATION_CONDITIONS = DEBUG;
				SWIFT_OPTIMIZATION_LEVEL = "-Onone";
			};
			name = Debug;
		};
		48B3A5D527CE766F00E27BC0 /* Release */ = {
			isa = XCBuildConfiguration;
			buildSettings = {
				ALWAYS_SEARCH_USER_PATHS = NO;
				CLANG_ANALYZER_NONNULL = YES;
				CLANG_ANALYZER_NUMBER_OBJECT_CONVERSION = YES_AGGRESSIVE;
				CLANG_CXX_LANGUAGE_STANDARD = "gnu++17";
				CLANG_CXX_LIBRARY = "libc++";
				CLANG_ENABLE_MODULES = YES;
				CLANG_ENABLE_OBJC_ARC = YES;
				CLANG_ENABLE_OBJC_WEAK = YES;
				CLANG_WARN_BLOCK_CAPTURE_AUTORELEASING = YES;
				CLANG_WARN_BOOL_CONVERSION = YES;
				CLANG_WARN_COMMA = YES;
				CLANG_WARN_CONSTANT_CONVERSION = YES;
				CLANG_WARN_DEPRECATED_OBJC_IMPLEMENTATIONS = YES;
				CLANG_WARN_DIRECT_OBJC_ISA_USAGE = YES_ERROR;
				CLANG_WARN_DOCUMENTATION_COMMENTS = YES;
				CLANG_WARN_EMPTY_BODY = YES;
				CLANG_WARN_ENUM_CONVERSION = YES;
				CLANG_WARN_INFINITE_RECURSION = YES;
				CLANG_WARN_INT_CONVERSION = YES;
				CLANG_WARN_NON_LITERAL_NULL_CONVERSION = YES;
				CLANG_WARN_OBJC_IMPLICIT_RETAIN_SELF = YES;
				CLANG_WARN_OBJC_LITERAL_CONVERSION = YES;
				CLANG_WARN_OBJC_ROOT_CLASS = YES_ERROR;
				CLANG_WARN_QUOTED_INCLUDE_IN_FRAMEWORK_HEADER = YES;
				CLANG_WARN_RANGE_LOOP_ANALYSIS = YES;
				CLANG_WARN_STRICT_PROTOTYPES = YES;
				CLANG_WARN_SUSPICIOUS_MOVE = YES;
				CLANG_WARN_UNGUARDED_AVAILABILITY = YES_AGGRESSIVE;
				CLANG_WARN_UNREACHABLE_CODE = YES;
				CLANG_WARN__DUPLICATE_METHOD_MATCH = YES;
				COPY_PHASE_STRIP = NO;
				DEBUG_INFORMATION_FORMAT = "dwarf-with-dsym";
				ENABLE_NS_ASSERTIONS = NO;
				ENABLE_STRICT_OBJC_MSGSEND = YES;
				GCC_C_LANGUAGE_STANDARD = gnu11;
				GCC_NO_COMMON_BLOCKS = YES;
				GCC_WARN_64_TO_32_BIT_CONVERSION = YES;
				GCC_WARN_ABOUT_RETURN_TYPE = YES_ERROR;
				GCC_WARN_UNDECLARED_SELECTOR = YES;
				GCC_WARN_UNINITIALIZED_AUTOS = YES_AGGRESSIVE;
				GCC_WARN_UNUSED_FUNCTION = YES;
				GCC_WARN_UNUSED_VARIABLE = YES;
				IPHONEOS_DEPLOYMENT_TARGET = 15.2;
				MTL_ENABLE_DEBUG_INFO = NO;
				MTL_FAST_MATH = YES;
				SDKROOT = iphoneos;
				SWIFT_COMPILATION_MODE = wholemodule;
				SWIFT_OPTIMIZATION_LEVEL = "-O";
				VALIDATE_PRODUCT = YES;
			};
			name = Release;
		};
		48B3A5D727CE766F00E27BC0 /* Debug */ = {
			isa = XCBuildConfiguration;
			buildSettings = {
				ASSETCATALOG_COMPILER_APPICON_NAME = AppIcon;
				ASSETCATALOG_COMPILER_GLOBAL_ACCENT_COLOR_NAME = AccentColor;
				CODE_SIGN_STYLE = Automatic;
				CURRENT_PROJECT_VERSION = 1;
				DEVELOPMENT_TEAM = H7JC8WY5YF;
				GENERATE_INFOPLIST_FILE = YES;
				INFOPLIST_FILE = Ind02_Govardhan_Digumurthi/Info.plist;
				INFOPLIST_KEY_UIApplicationSupportsIndirectInputEvents = YES;
				INFOPLIST_KEY_UILaunchStoryboardName = LaunchScreen;
				INFOPLIST_KEY_UIMainStoryboardFile = Main;
				INFOPLIST_KEY_UISupportedInterfaceOrientations_iPad = "UIInterfaceOrientationPortrait UIInterfaceOrientationPortraitUpsideDown UIInterfaceOrientationLandscapeLeft UIInterfaceOrientationLandscapeRight";
				INFOPLIST_KEY_UISupportedInterfaceOrientations_iPhone = "UIInterfaceOrientationPortrait UIInterfaceOrientationLandscapeLeft UIInterfaceOrientationLandscapeRight";
				LD_RUNPATH_SEARCH_PATHS = (
					"$(inherited)",
					"@executable_path/Frameworks",
				);
				MARKETING_VERSION = 1.0;
				PRODUCT_BUNDLE_IDENTIFIER = "com.govardhan.digumurthi.Ind02-Govardhan-Digumurthi";
				PRODUCT_NAME = "$(TARGET_NAME)";
				SWIFT_EMIT_LOC_STRINGS = YES;
				SWIFT_VERSION = 5.0;
				TARGETED_DEVICE_FAMILY = "1,2";
			};
			name = Debug;
		};
		48B3A5D827CE766F00E27BC0 /* Release */ = {
			isa = XCBuildConfiguration;
			buildSettings = {
				ASSETCATALOG_COMPILER_APPICON_NAME = AppIcon;
				ASSETCATALOG_COMPILER_GLOBAL_ACCENT_COLOR_NAME = AccentColor;
				CODE_SIGN_STYLE = Automatic;
				CURRENT_PROJECT_VERSION = 1;
				DEVELOPMENT_TEAM = H7JC8WY5YF;
				GENERATE_INFOPLIST_FILE = YES;
				INFOPLIST_FILE = Ind02_Govardhan_Digumurthi/Info.plist;
				INFOPLIST_KEY_UIApplicationSupportsIndirectInputEvents = YES;
				INFOPLIST_KEY_UILaunchStoryboardName = LaunchScreen;
				INFOPLIST_KEY_UIMainStoryboardFile = Main;
				INFOPLIST_KEY_UISupportedInterfaceOrientations_iPad = "UIInterfaceOrientationPortrait UIInterfaceOrientationPortraitUpsideDown UIInterfaceOrientationLandscapeLeft UIInterfaceOrientationLandscapeRight";
				INFOPLIST_KEY_UISupportedInterfaceOrientations_iPhone = "UIInterfaceOrientationPortrait UIInterfaceOrientationLandscapeLeft UIInterfaceOrientationLandscapeRight";
				LD_RUNPATH_SEARCH_PATHS = (
					"$(inherited)",
					"@executable_path/Frameworks",
				);
				MARKETING_VERSION = 1.0;
				PRODUCT_BUNDLE_IDENTIFIER = "com.govardhan.digumurthi.Ind02-Govardhan-Digumurthi";
				PRODUCT_NAME = "$(TARGET_NAME)";
				SWIFT_EMIT_LOC_STRINGS = YES;
				SWIFT_VERSION = 5.0;
				TARGETED_DEVICE_FAMILY = "1,2";
			};
			name = Release;
		};
		48B3A5DA27CE766F00E27BC0 /* Debug */ = {
			isa = XCBuildConfiguration;
			buildSettings = {
				ALWAYS_EMBED_SWIFT_STANDARD_LIBRARIES = YES;
				BUNDLE_LOADER = "$(TEST_HOST)";
				CODE_SIGN_STYLE = Automatic;
				CURRENT_PROJECT_VERSION = 1;
				DEVELOPMENT_TEAM = H7JC8WY5YF;
				GENERATE_INFOPLIST_FILE = YES;
				IPHONEOS_DEPLOYMENT_TARGET = 15.2;
				MARKETING_VERSION = 1.0;
				PRODUCT_BUNDLE_IDENTIFIER = "com.govardhan.digumurthi.Ind02-Govardhan-DigumurthiTests";
				PRODUCT_NAME = "$(TARGET_NAME)";
				SWIFT_EMIT_LOC_STRINGS = NO;
				SWIFT_VERSION = 5.0;
				TARGETED_DEVICE_FAMILY = "1,2";
				TEST_HOST = "$(BUILT_PRODUCTS_DIR)/Ind02_Govardhan_Digumurthi.app/Ind02_Govardhan_Digumurthi";
			};
			name = Debug;
		};
		48B3A5DB27CE766F00E27BC0 /* Release */ = {
			isa = XCBuildConfiguration;
			buildSettings = {
				ALWAYS_EMBED_SWIFT_STANDARD_LIBRARIES = YES;
				BUNDLE_LOADER = "$(TEST_HOST)";
				CODE_SIGN_STYLE = Automatic;
				CURRENT_PROJECT_VERSION = 1;
				DEVELOPMENT_TEAM = H7JC8WY5YF;
				GENERATE_INFOPLIST_FILE = YES;
				IPHONEOS_DEPLOYMENT_TARGET = 15.2;
				MARKETING_VERSION = 1.0;
				PRODUCT_BUNDLE_IDENTIFIER = "com.govardhan.digumurthi.Ind02-Govardhan-DigumurthiTests";
				PRODUCT_NAME = "$(TARGET_NAME)";
				SWIFT_EMIT_LOC_STRINGS = NO;
				SWIFT_VERSION = 5.0;
				TARGETED_DEVICE_FAMILY = "1,2";
				TEST_HOST = "$(BUILT_PRODUCTS_DIR)/Ind02_Govardhan_Digumurthi.app/Ind02_Govardhan_Digumurthi";
			};
			name = Release;
		};
		48B3A5DD27CE766F00E27BC0 /* Debug */ = {
			isa = XCBuildConfiguration;
			buildSettings = {
				ALWAYS_EMBED_SWIFT_STANDARD_LIBRARIES = YES;
				CODE_SIGN_STYLE = Automatic;
				CURRENT_PROJECT_VERSION = 1;
				DEVELOPMENT_TEAM = H7JC8WY5YF;
				GENERATE_INFOPLIST_FILE = YES;
				MARKETING_VERSION = 1.0;
				PRODUCT_BUNDLE_IDENTIFIER = "com.govardhan.digumurthi.Ind02-Govardhan-DigumurthiUITests";
				PRODUCT_NAME = "$(TARGET_NAME)";
				SWIFT_EMIT_LOC_STRINGS = NO;
				SWIFT_VERSION = 5.0;
				TARGETED_DEVICE_FAMILY = "1,2";
				TEST_TARGET_NAME = Ind02_Govardhan_Digumurthi;
			};
			name = Debug;
		};
		48B3A5DE27CE766F00E27BC0 /* Release */ = {
			isa = XCBuildConfiguration;
			buildSettings = {
				ALWAYS_EMBED_SWIFT_STANDARD_LIBRARIES = YES;
				CODE_SIGN_STYLE = Automatic;
				CURRENT_PROJECT_VERSION = 1;
				DEVELOPMENT_TEAM = H7JC8WY5YF;
				GENERATE_INFOPLIST_FILE = YES;
				MARKETING_VERSION = 1.0;
				PRODUCT_BUNDLE_IDENTIFIER = "com.govardhan.digumurthi.Ind02-Govardhan-DigumurthiUITests";
				PRODUCT_NAME = "$(TARGET_NAME)";
				SWIFT_EMIT_LOC_STRINGS = NO;
				SWIFT_VERSION = 5.0;
				TARGETED_DEVICE_FAMILY = "1,2";
				TEST_TARGET_NAME = Ind02_Govardhan_Digumurthi;
			};
			name = Release;
		};
/* End XCBuildConfiguration section */

/* Begin XCConfigurationList section */
		48B3A5A727CE766E00E27BC0 /* Build configuration list for PBXProject "Ind02_Govardhan_Digumurthi" */ = {
			isa = XCConfigurationList;
			buildConfigurations = (
				48B3A5D427CE766F00E27BC0 /* Debug */,
				48B3A5D527CE766F00E27BC0 /* Release */,
			);
			defaultConfigurationIsVisible = 0;
			defaultConfigurationName = Release;
		};
		48B3A5D627CE766F00E27BC0 /* Build configuration list for PBXNativeTarget "Ind02_Govardhan_Digumurthi" */ = {
			isa = XCConfigurationList;
			buildConfigurations = (
				48B3A5D727CE766F00E27BC0 /* Debug */,
				48B3A5D827CE766F00E27BC0 /* Release */,
			);
			defaultConfigurationIsVisible = 0;
			defaultConfigurationName = Release;
		};
		48B3A5D927CE766F00E27BC0 /* Build configuration list for PBXNativeTarget "Ind02_Govardhan_DigumurthiTests" */ = {
			isa = XCConfigurationList;
			buildConfigurations = (
				48B3A5DA27CE766F00E27BC0 /* Debug */,
				48B3A5DB27CE766F00E27BC0 /* Release */,
			);
			defaultConfigurationIsVisible = 0;
			defaultConfigurationName = Release;
		};
		48B3A5DC27CE766F00E27BC0 /* Build configuration list for PBXNativeTarget "Ind02_Govardhan_DigumurthiUITests" */ = {
			isa = XCConfigurationList;
			buildConfigurations = (
				48B3A5DD27CE766F00E27BC0 /* Debug */,
				48B3A5DE27CE766F00E27BC0 /* Release */,
			);
			defaultConfigurationIsVisible = 0;
			defaultConfigurationName = Release;
		};
/* End XCConfigurationList section */
	};
	rootObject = 48B3A5A427CE766E00E27BC0 /* Project object */;
}
